# This file is automatically @generated by Poetry 1.8.2 and should not be changed by hand.

[[package]]
name = "polars"
version = "1.3.0"
description = "Blazingly fast DataFrame library"
optional = false
python-versions = ">=3.8"
files = [
    {file = "polars-1.3.0-cp38-abi3-macosx_10_12_x86_64.whl", hash = "sha256:85a338b8f617fdf5e5472567d32efeb46e6624a604c45622cc96669324f82961"},
    {file = "polars-1.3.0-cp38-abi3-macosx_11_0_arm64.whl", hash = "sha256:5859a11d1c8ec14089127043d8d6bae01f015021113ed01a2e4953e6c21feee5"},
    {file = "polars-1.3.0-cp38-abi3-manylinux_2_17_x86_64.manylinux2014_x86_64.whl", hash = "sha256:9a1ff7779315e6b0d17641af3eb4dd7aec2ab0bc1bee009efb12242bf6403aeb"},
    {file = "polars-1.3.0-cp38-abi3-manylinux_2_24_aarch64.whl", hash = "sha256:e675269c17a83484c74165989d93572785d4298019f4f8ca65e25a49d4440236"},
    {file = "polars-1.3.0-cp38-abi3-win_amd64.whl", hash = "sha256:75cbbccc4a55a8ae8c5ea8b9daa8747aee5d182c2bba7c712496f32a8096562d"},
    {file = "polars-1.3.0.tar.gz", hash = "sha256:c7812d6c72ffdc9e70aaa8f9aa6378db80b393e7ecbe7005ad84b150c17c71cb"},
]

[package.extras]
adbc = ["adbc-driver-manager[dbapi]", "adbc-driver-sqlite[dbapi]"]
all = ["polars[async,cloudpickle,database,deltalake,excel,fsspec,graph,iceberg,numpy,pandas,plot,pyarrow,pydantic,style,timezone]"]
async = ["gevent"]
calamine = ["fastexcel (>=0.9)"]
cloudpickle = ["cloudpickle"]
connectorx = ["connectorx (>=0.3.2)"]
database = ["nest-asyncio", "polars[adbc,connectorx,sqlalchemy]"]
deltalake = ["deltalake (>=0.15.0)"]
excel = ["polars[calamine,openpyxl,xlsx2csv,xlsxwriter]"]
fsspec = ["fsspec"]
gpu = ["cudf-polars-cu12"]
graph = ["matplotlib"]
iceberg = ["pyiceberg (>=0.5.0)"]
numpy = ["numpy (>=1.16.0)"]
openpyxl = ["openpyxl (>=3.0.0)"]
pandas = ["pandas", "polars[pyarrow]"]
plot = ["hvplot (>=0.9.1)", "polars[pandas]"]
pyarrow = ["pyarrow (>=7.0.0)"]
pydantic = ["pydantic"]
sqlalchemy = ["polars[pandas]", "sqlalchemy"]
style = ["great-tables (>=0.8.0)"]
timezone = ["backports-zoneinfo", "tzdata"]
xlsx2csv = ["xlsx2csv (>=0.8.0)"]
xlsxwriter = ["xlsxwriter"]

[metadata]
lock-version = "2.0"
python-versions = "^3.12"
content-hash = "e8463960d9afc6b5ad46979ae61fb7696407abf220c0425e9c93099bcfaa8dc4"
